
Microsoft Visual Studio Solution File, Format Version 12.00
# Visual Studio Version 17
VisualStudioVersion = 17.1.32210.238
MinimumVisualStudioVersion = 10.0.40219.1
Project("{FAE04EC0-301F-11D3-BF4B-00C04F79EFBC}") = "Ex1of1", "Ex1of1\Ex1of1.csproj", "{FF33B617-5D60-48D7-9105-C002EB13B211}"
EndProject
Global
	GlobalSection(SolutionConfigurationPlatforms) = preSolution
		Debug|Any CPU = Debug|Any CPU
		Release|Any CPU = Release|Any CPU
	EndGlobalSection
	GlobalSection(ProjectConfigurationPlatforms) = postSolution
		{FF33B617-5D60-48D7-9105-C002EB13B211}.Debug|Any CPU.ActiveCfg = Debug|Any CPU
		{FF33B617-5D60-48D7-9105-C002EB13B211}.Debug|Any CPU.Build.0 = Debug|Any CPU
		{FF33B617-5D60-48D7-9105-C002EB13B211}.Release|Any CPU.ActiveCfg = Release|Any CPU
		{FF33B617-5D60-48D7-9105-C002EB13B211}.Release|Any CPU.Build.0 = Release|Any CPU
	EndGlobalSection
	GlobalSection(SolutionProperties) = preSolution
		HideSolutionNode = FALSE
	EndGlobalSection
	GlobalSection(ExtensibilityGlobals) = postSolution
		SolutionGuid = {4A79A906-B4CB-4E0E-ADB0-CE93ACA55C66}
	EndGlobalSection
EndGlobal
